
Microsoft Visual Studio Solution File, Format Version 12.00
# Visual Studio Version 16
VisualStudioVersion = 16.0.30309.148
MinimumVisualStudioVersion = 10.0.40219.1
Project("{9A19103F-16F7-4668-BE54-9A1E7A4F7556}") = "IronTalk.Compiler", "IronTalk.Compiler\IronTalk.Compiler.csproj", "{ACD6A6C2-64F6-4144-A6C5-F6C1E50D4FF4}"
EndProject
Project("{9A19103F-16F7-4668-BE54-9A1E7A4F7556}") = "IronTalk", "IronTalk\IronTalk.csproj", "{285704DF-378E-4123-B090-0C542BF298A6}"
EndProject
Global
	GlobalSection(SolutionConfigurationPlatforms) = preSolution
		Debug|Any CPU = Debug|Any CPU
		Release|Any CPU = Release|Any CPU
	EndGlobalSection
	GlobalSection(ProjectConfigurationPlatforms) = postSolution
		{ACD6A6C2-64F6-4144-A6C5-F6C1E50D4FF4}.Debug|Any CPU.ActiveCfg = Debug|Any CPU
		{ACD6A6C2-64F6-4144-A6C5-F6C1E50D4FF4}.Debug|Any CPU.Build.0 = Debug|Any CPU
		{ACD6A6C2-64F6-4144-A6C5-F6C1E50D4FF4}.Release|Any CPU.ActiveCfg = Release|Any CPU
		{ACD6A6C2-64F6-4144-A6C5-F6C1E50D4FF4}.Release|Any CPU.Build.0 = Release|Any CPU
		{285704DF-378E-4123-B090-0C542BF298A6}.Debug|Any CPU.ActiveCfg = Debug|Any CPU
		{285704DF-378E-4123-B090-0C542BF298A6}.Debug|Any CPU.Build.0 = Debug|Any CPU
		{285704DF-378E-4123-B090-0C542BF298A6}.Release|Any CPU.ActiveCfg = Release|Any CPU
		{285704DF-378E-4123-B090-0C542BF298A6}.Release|Any CPU.Build.0 = Release|Any CPU
	EndGlobalSection
	GlobalSection(SolutionProperties) = preSolution
		HideSolutionNode = FALSE
	EndGlobalSection
	GlobalSection(ExtensibilityGlobals) = postSolution
		SolutionGuid = {94F3C69F-E50E-47A4-AC9F-A7BFE0B335A0}
	EndGlobalSection
EndGlobal
